
Microsoft Visual Studio Solution File, Format Version 12.00
# Visual Studio 15
Project("{FAE04EC0-301F-11D3-BF4B-00C04F79EFBC}") = "Unity.Postprocessing.Runtime", "Unity.Postprocessing.Runtime.csproj", "{469BA472-A5C6-B5C0-0D94-21BB553C498F}"
EndProject
Project("{FAE04EC0-301F-11D3-BF4B-00C04F79EFBC}") = "Unity.Postprocessing.Editor", "Unity.Postprocessing.Editor.csproj", "{AD7CD37B-5DA1-73BC-47B1-D2A2A84DC9EE}"
EndProject
Global
	GlobalSection(SolutionConfigurationPlatforms) = preSolution
		Debug|Any CPU = Debug|Any CPU
		Release|Any CPU = Release|Any CPU
	EndGlobalSection
	GlobalSection(ProjectConfigurationPlatforms) = postSolution
		{469BA472-A5C6-B5C0-0D94-21BB553C498F}.Debug|Any CPU.ActiveCfg = Debug|Any CPU
		{469BA472-A5C6-B5C0-0D94-21BB553C498F}.Debug|Any CPU.Build.0 = Debug|Any CPU
		{469BA472-A5C6-B5C0-0D94-21BB553C498F}.Release|Any CPU.ActiveCfg = Release|Any CPU
		{469BA472-A5C6-B5C0-0D94-21BB553C498F}.Release|Any CPU.Build.0 = Release|Any CPU
		{AD7CD37B-5DA1-73BC-47B1-D2A2A84DC9EE}.Debug|Any CPU.ActiveCfg = Debug|Any CPU
		{AD7CD37B-5DA1-73BC-47B1-D2A2A84DC9EE}.Debug|Any CPU.Build.0 = Debug|Any CPU
		{AD7CD37B-5DA1-73BC-47B1-D2A2A84DC9EE}.Release|Any CPU.ActiveCfg = Release|Any CPU
		{AD7CD37B-5DA1-73BC-47B1-D2A2A84DC9EE}.Release|Any CPU.Build.0 = Release|Any CPU
	EndGlobalSection
	GlobalSection(SolutionProperties) = preSolution
		HideSolutionNode = FALSE
	EndGlobalSection
EndGlobal
